
Microsoft Visual Studio Solution File, Format Version 12.00
# Visual Studio Version 16
VisualStudioVersion = 16.0.31402.337
MinimumVisualStudioVersion = 10.0.40219.1
Project("{FAE04EC0-301F-11D3-BF4B-00C04F79EFBC}") = "HostHotel", "HostHotel\HostHotel.csproj", "{820D6B50-269E-401D-85B1-4CA354E40EFE}"
EndProject
Global
	GlobalSection(SolutionConfigurationPlatforms) = preSolution
		Debug|Any CPU = Debug|Any CPU
		Release|Any CPU = Release|Any CPU
	EndGlobalSection
	GlobalSection(ProjectConfigurationPlatforms) = postSolution
		{820D6B50-269E-401D-85B1-4CA354E40EFE}.Debug|Any CPU.ActiveCfg = Debug|Any CPU
		{820D6B50-269E-401D-85B1-4CA354E40EFE}.Debug|Any CPU.Build.0 = Debug|Any CPU
		{820D6B50-269E-401D-85B1-4CA354E40EFE}.Release|Any CPU.ActiveCfg = Release|Any CPU
		{820D6B50-269E-401D-85B1-4CA354E40EFE}.Release|Any CPU.Build.0 = Release|Any CPU
	EndGlobalSection
	GlobalSection(SolutionProperties) = preSolution
		HideSolutionNode = FALSE
	EndGlobalSection
	GlobalSection(ExtensibilityGlobals) = postSolution
		SolutionGuid = {EA47B5C2-E00E-4A8C-9BD5-E527163F1ECE}
	EndGlobalSection
EndGlobal
